// !$*UTF8*$!
{
	archiveVersion = 1;
	classes = {
	};
	objectVersion = 46;
	objects = {

/* Begin PBXBuildFile section */
		0F818CD2374D5E0905BCE894 /* Pods_BusyUITests.framework in Frameworks */ = {isa = PBXBuildFile; fileRef = 867C7D6CD0AD7EBA13D4EE9E /* Pods_BusyUITests.framework */; };
		510935ADCCA11FF670D3AB46 /* Pods_BusyTests.framework in Frameworks */ = {isa = PBXBuildFile; fileRef = 6CF1A4BCE4A3577FB9FCEB7F /* Pods_BusyTests.framework */; };
		A40D3E221DEA860C00819D6A /* GoogleService-Info.plist in Resources */ = {isa = PBXBuildFile; fileRef = A40D3E211DEA860C00819D6A /* GoogleService-Info.plist */; };
		A40D3E231DEA862800819D6A /* GoogleService-Info.plist in Resources */ = {isa = PBXBuildFile; fileRef = A40D3E211DEA860C00819D6A /* GoogleService-Info.plist */; };
		A40D3E241DEA862900819D6A /* GoogleService-Info.plist in Resources */ = {isa = PBXBuildFile; fileRef = A40D3E211DEA860C00819D6A /* GoogleService-Info.plist */; };
		A430D7B41DD89015004C6AAF /* AppDelegate.swift in Sources */ = {isa = PBXBuildFile; fileRef = A430D7B31DD89015004C6AAF /* AppDelegate.swift */; };
		A430D7B61DD89015004C6AAF /* ViewController.swift in Sources */ = {isa = PBXBuildFile; fileRef = A430D7B51DD89015004C6AAF /* ViewController.swift */; };
		A430D7B91DD89016004C6AAF /* Main.storyboard in Resources */ = {isa = PBXBuildFile; fileRef = A430D7B71DD89016004C6AAF /* Main.storyboard */; };
		A430D7BC1DD89016004C6AAF /* Busy.xcdatamodeld in Sources */ = {isa = PBXBuildFile; fileRef = A430D7BA1DD89016004C6AAF /* Busy.xcdatamodeld */; };
		A430D7BE1DD89016004C6AAF /* Assets.xcassets in Resources */ = {isa = PBXBuildFile; fileRef = A430D7BD1DD89016004C6AAF /* Assets.xcassets */; };
		A430D7C11DD89016004C6AAF /* LaunchScreen.storyboard in Resources */ = {isa = PBXBuildFile; fileRef = A430D7BF1DD89016004C6AAF /* LaunchScreen.storyboard */; };
		A430D7CC1DD89017004C6AAF /* BusyTests.swift in Sources */ = {isa = PBXBuildFile; fileRef = A430D7CB1DD89017004C6AAF /* BusyTests.swift */; };
		A430D7D71DD89017004C6AAF /* BusyUITests.swift in Sources */ = {isa = PBXBuildFile; fileRef = A430D7D61DD89017004C6AAF /* BusyUITests.swift */; };
		A430D7EB1DD95DE5004C6AAF /* NewProjectTypes.storyboard in Resources */ = {isa = PBXBuildFile; fileRef = A430D7EA1DD95DE5004C6AAF /* NewProjectTypes.storyboard */; };
		A430D7EF1DD964DC004C6AAF /* ProjectsViewController.swift in Sources */ = {isa = PBXBuildFile; fileRef = A430D7EE1DD964DC004C6AAF /* ProjectsViewController.swift */; };
		A430D7F11DD964ED004C6AAF /* DetailsViewController.swift in Sources */ = {isa = PBXBuildFile; fileRef = A430D7F01DD964ED004C6AAF /* DetailsViewController.swift */; };
		A430D7F31DD966EB004C6AAF /* NewViewController.swift in Sources */ = {isa = PBXBuildFile; fileRef = A430D7F21DD966EB004C6AAF /* NewViewController.swift */; };
		A465E9CE1DF5F3C500C40CF2 /* ProjectList.storyboard in Resources */ = {isa = PBXBuildFile; fileRef = A465E9CD1DF5F3C500C40CF2 /* ProjectList.storyboard */; };
		A465E9D01DF5F40100C40CF2 /* ProjectDetail.storyboard in Resources */ = {isa = PBXBuildFile; fileRef = A465E9CF1DF5F40100C40CF2 /* ProjectDetail.storyboard */; };
		A465E9D41DF7B67D00C40CF2 /* UserJSONParser.swift in Sources */ = {isa = PBXBuildFile; fileRef = A465E9D31DF7B67D00C40CF2 /* UserJSONParser.swift */; };
		A47584021DF5BFB800C36AE4 /* NewTypesViewController.swift in Sources */ = {isa = PBXBuildFile; fileRef = A47584011DF5BFB800C36AE4 /* NewTypesViewController.swift */; };
		A4C98A581DEB9345007BA672 /* SignIn.storyboard in Resources */ = {isa = PBXBuildFile; fileRef = A4C98A571DEB9345007BA672 /* SignIn.storyboard */; };
		A4C98A5A1DEB9362007BA672 /* SignInViewController.swift in Sources */ = {isa = PBXBuildFile; fileRef = A4C98A591DEB9362007BA672 /* SignInViewController.swift */; };
		A4F0D3DA1DF3B4590056E3E3 /* TableViewCell.swift in Sources */ = {isa = PBXBuildFile; fileRef = A4F0D3D81DF3B4590056E3E3 /* TableViewCell.swift */; };
		A4F0D3DB1DF3B4590056E3E3 /* TableViewCell.xib in Resources */ = {isa = PBXBuildFile; fileRef = A4F0D3D91DF3B4590056E3E3 /* TableViewCell.xib */; };
		A5B1CA64326A98756A8C5145 /* Pods_Busy.framework in Frameworks */ = {isa = PBXBuildFile; fileRef = 3BD4A25D0EA8A660326258AC /* Pods_Busy.framework */; };
		CB53D1B11DE76C2E00AEEFAC /* Project.swift in Sources */ = {isa = PBXBuildFile; fileRef = CB53D1B01DE76C2E00AEEFAC /* Project.swift */; };
		CB53D1B31DE76CE000AEEFAC /* Assignment.swift in Sources */ = {isa = PBXBuildFile; fileRef = CB53D1B21DE76CE000AEEFAC /* Assignment.swift */; };
		CB53D1B71DE76D8900AEEFAC /* User.swift in Sources */ = {isa = PBXBuildFile; fileRef = CB53D1B61DE76D8900AEEFAC /* User.swift */; };
		CB53D1B91DE76DA500AEEFAC /* Task.swift in Sources */ = {isa = PBXBuildFile; fileRef = CB53D1B81DE76DA500AEEFAC /* Task.swift */; };
		CB5CFB231DF896E100FFE8FA /* ProjectJSONParser.swift in Sources */ = {isa = PBXBuildFile; fileRef = CB5CFB221DF896E100FFE8FA /* ProjectJSONParser.swift */; };
		CB5CFB251DF896ED00FFE8FA /* TaskJSONParser.swift in Sources */ = {isa = PBXBuildFile; fileRef = CB5CFB241DF896ED00FFE8FA /* TaskJSONParser.swift */; };
		CB5CFB271DF896F700FFE8FA /* AssignmentJSONParser.swift in Sources */ = {isa = PBXBuildFile; fileRef = CB5CFB261DF896F700FFE8FA /* AssignmentJSONParser.swift */; };
		CBED6ECC1DF5EB04000F60BE /* ProjectTableViewCell.swift in Sources */ = {isa = PBXBuildFile; fileRef = CBED6ECB1DF5EB04000F60BE /* ProjectTableViewCell.swift */; };
/* End PBXBuildFile section */

/* Begin PBXContainerItemProxy section */
		A430D7C81DD89017004C6AAF /* PBXContainerItemProxy */ = {
			isa = PBXContainerItemProxy;
			containerPortal = A430D7A81DD89015004C6AAF /* Project object */;
			proxyType = 1;
			remoteGlobalIDString = A430D7AF1DD89015004C6AAF;
			remoteInfo = Busy;
		};
		A430D7D31DD89017004C6AAF /* PBXContainerItemProxy */ = {
			isa = PBXContainerItemProxy;
			containerPortal = A430D7A81DD89015004C6AAF /* Project object */;
			proxyType = 1;
			remoteGlobalIDString = A430D7AF1DD89015004C6AAF;
			remoteInfo = Busy;
		};
/* End PBXContainerItemProxy section */

/* Begin PBXFileReference section */
		3BD4A25D0EA8A660326258AC /* Pods_Busy.framework */ = {isa = PBXFileReference; explicitFileType = wrapper.framework; includeInIndex = 0; path = Pods_Busy.framework; sourceTree = BUILT_PRODUCTS_DIR; };
		6CF1A4BCE4A3577FB9FCEB7F /* Pods_BusyTests.framework */ = {isa = PBXFileReference; explicitFileType = wrapper.framework; includeInIndex = 0; path = Pods_BusyTests.framework; sourceTree = BUILT_PRODUCTS_DIR; };
		867C7D6CD0AD7EBA13D4EE9E /* Pods_BusyUITests.framework */ = {isa = PBXFileReference; explicitFileType = wrapper.framework; includeInIndex = 0; path = Pods_BusyUITests.framework; sourceTree = BUILT_PRODUCTS_DIR; };
		9EBDDC3B1BDB17A8E5DF762C /* Pods-Busy.debug.xcconfig */ = {isa = PBXFileReference; includeInIndex = 1; lastKnownFileType = text.xcconfig; name = "Pods-Busy.debug.xcconfig"; path = "Pods/Target Support Files/Pods-Busy/Pods-Busy.debug.xcconfig"; sourceTree = "<group>"; };
		A40D3E211DEA860C00819D6A /* GoogleService-Info.plist */ = {isa = PBXFileReference; fileEncoding = 4; lastKnownFileType = text.plist.xml; path = "GoogleService-Info.plist"; sourceTree = "<group>"; };
		A430D7B01DD89015004C6AAF /* Busy.app */ = {isa = PBXFileReference; explicitFileType = wrapper.application; includeInIndex = 0; path = Busy.app; sourceTree = BUILT_PRODUCTS_DIR; };
		A430D7B31DD89015004C6AAF /* AppDelegate.swift */ = {isa = PBXFileReference; lastKnownFileType = sourcecode.swift; path = AppDelegate.swift; sourceTree = "<group>"; };
		A430D7B51DD89015004C6AAF /* ViewController.swift */ = {isa = PBXFileReference; lastKnownFileType = sourcecode.swift; path = ViewController.swift; sourceTree = "<group>"; };
		A430D7B81DD89016004C6AAF /* Base */ = {isa = PBXFileReference; lastKnownFileType = file.storyboard; name = Base; path = Base.lproj/Main.storyboard; sourceTree = "<group>"; };
		A430D7BB1DD89016004C6AAF /* Busy.xcdatamodel */ = {isa = PBXFileReference; lastKnownFileType = wrapper.xcdatamodel; path = Busy.xcdatamodel; sourceTree = "<group>"; };
		A430D7BD1DD89016004C6AAF /* Assets.xcassets */ = {isa = PBXFileReference; lastKnownFileType = folder.assetcatalog; path = Assets.xcassets; sourceTree = "<group>"; };
		A430D7C01DD89016004C6AAF /* Base */ = {isa = PBXFileReference; lastKnownFileType = file.storyboard; name = Base; path = Base.lproj/LaunchScreen.storyboard; sourceTree = "<group>"; };
		A430D7C21DD89017004C6AAF /* Info.plist */ = {isa = PBXFileReference; lastKnownFileType = text.plist.xml; path = Info.plist; sourceTree = "<group>"; };
		A430D7C71DD89017004C6AAF /* BusyTests.xctest */ = {isa = PBXFileReference; explicitFileType = wrapper.cfbundle; includeInIndex = 0; path = BusyTests.xctest; sourceTree = BUILT_PRODUCTS_DIR; };
		A430D7CB1DD89017004C6AAF /* BusyTests.swift */ = {isa = PBXFileReference; lastKnownFileType = sourcecode.swift; path = BusyTests.swift; sourceTree = "<group>"; };
		A430D7CD1DD89017004C6AAF /* Info.plist */ = {isa = PBXFileReference; lastKnownFileType = text.plist.xml; path = Info.plist; sourceTree = "<group>"; };
		A430D7D21DD89017004C6AAF /* BusyUITests.xctest */ = {isa = PBXFileReference; explicitFileType = wrapper.cfbundle; includeInIndex = 0; path = BusyUITests.xctest; sourceTree = BUILT_PRODUCTS_DIR; };
		A430D7D61DD89017004C6AAF /* BusyUITests.swift */ = {isa = PBXFileReference; lastKnownFileType = sourcecode.swift; path = BusyUITests.swift; sourceTree = "<group>"; };
		A430D7D81DD89017004C6AAF /* Info.plist */ = {isa = PBXFileReference; lastKnownFileType = text.plist.xml; path = Info.plist; sourceTree = "<group>"; };
		A430D7EA1DD95DE5004C6AAF /* NewProjectTypes.storyboard */ = {isa = PBXFileReference; fileEncoding = 4; lastKnownFileType = file.storyboard; path = NewProjectTypes.storyboard; sourceTree = "<group>"; };
		A430D7EE1DD964DC004C6AAF /* ProjectsViewController.swift */ = {isa = PBXFileReference; fileEncoding = 4; lastKnownFileType = sourcecode.swift; path = ProjectsViewController.swift; sourceTree = "<group>"; };
		A430D7F01DD964ED004C6AAF /* DetailsViewController.swift */ = {isa = PBXFileReference; fileEncoding = 4; lastKnownFileType = sourcecode.swift; path = DetailsViewController.swift; sourceTree = "<group>"; };
		A430D7F21DD966EB004C6AAF /* NewViewController.swift */ = {isa = PBXFileReference; fileEncoding = 4; lastKnownFileType = sourcecode.swift; path = NewViewController.swift; sourceTree = "<group>"; };
		A465E9CD1DF5F3C500C40CF2 /* ProjectList.storyboard */ = {isa = PBXFileReference; fileEncoding = 4; lastKnownFileType = file.storyboard; path = ProjectList.storyboard; sourceTree = "<group>"; };
		A465E9CF1DF5F40100C40CF2 /* ProjectDetail.storyboard */ = {isa = PBXFileReference; fileEncoding = 4; lastKnownFileType = file.storyboard; path = ProjectDetail.storyboard; sourceTree = "<group>"; };
		A465E9D31DF7B67D00C40CF2 /* UserJSONParser.swift */ = {isa = PBXFileReference; fileEncoding = 4; lastKnownFileType = sourcecode.swift; path = UserJSONParser.swift; sourceTree = "<group>"; };
		A47584011DF5BFB800C36AE4 /* NewTypesViewController.swift */ = {isa = PBXFileReference; fileEncoding = 4; lastKnownFileType = sourcecode.swift; path = NewTypesViewController.swift; sourceTree = "<group>"; };
		A4C98A571DEB9345007BA672 /* SignIn.storyboard */ = {isa = PBXFileReference; fileEncoding = 4; lastKnownFileType = file.storyboard; path = SignIn.storyboard; sourceTree = "<group>"; };
		A4C98A591DEB9362007BA672 /* SignInViewController.swift */ = {isa = PBXFileReference; fileEncoding = 4; lastKnownFileType = sourcecode.swift; path = SignInViewController.swift; sourceTree = "<group>"; };
		A4F0D3D81DF3B4590056E3E3 /* TableViewCell.swift */ = {isa = PBXFileReference; fileEncoding = 4; lastKnownFileType = sourcecode.swift; path = TableViewCell.swift; sourceTree = "<group>"; };
		A4F0D3D91DF3B4590056E3E3 /* TableViewCell.xib */ = {isa = PBXFileReference; fileEncoding = 4; lastKnownFileType = file.xib; path = TableViewCell.xib; sourceTree = "<group>"; };
		ADC30415670737454444E253 /* Pods-Busy.release.xcconfig */ = {isa = PBXFileReference; includeInIndex = 1; lastKnownFileType = text.xcconfig; name = "Pods-Busy.release.xcconfig"; path = "Pods/Target Support Files/Pods-Busy/Pods-Busy.release.xcconfig"; sourceTree = "<group>"; };
		C044EE2B2CB42A8FE4CE4CD4 /* Pods-BusyUITests.release.xcconfig */ = {isa = PBXFileReference; includeInIndex = 1; lastKnownFileType = text.xcconfig; name = "Pods-BusyUITests.release.xcconfig"; path = "Pods/Target Support Files/Pods-BusyUITests/Pods-BusyUITests.release.xcconfig"; sourceTree = "<group>"; };
		CB53D1B01DE76C2E00AEEFAC /* Project.swift */ = {isa = PBXFileReference; fileEncoding = 4; lastKnownFileType = sourcecode.swift; path = Project.swift; sourceTree = "<group>"; };
		CB53D1B21DE76CE000AEEFAC /* Assignment.swift */ = {isa = PBXFileReference; fileEncoding = 4; lastKnownFileType = sourcecode.swift; path = Assignment.swift; sourceTree = "<group>"; };
		CB53D1B61DE76D8900AEEFAC /* User.swift */ = {isa = PBXFileReference; fileEncoding = 4; lastKnownFileType = sourcecode.swift; path = User.swift; sourceTree = "<group>"; };
		CB53D1B81DE76DA500AEEFAC /* Task.swift */ = {isa = PBXFileReference; fileEncoding = 4; lastKnownFileType = sourcecode.swift; path = Task.swift; sourceTree = "<group>"; };
		CB5CFB221DF896E100FFE8FA /* ProjectJSONParser.swift */ = {isa = PBXFileReference; fileEncoding = 4; lastKnownFileType = sourcecode.swift; path = ProjectJSONParser.swift; sourceTree = "<group>"; };
		CB5CFB241DF896ED00FFE8FA /* TaskJSONParser.swift */ = {isa = PBXFileReference; fileEncoding = 4; lastKnownFileType = sourcecode.swift; path = TaskJSONParser.swift; sourceTree = "<group>"; };
		CB5CFB261DF896F700FFE8FA /* AssignmentJSONParser.swift */ = {isa = PBXFileReference; fileEncoding = 4; lastKnownFileType = sourcecode.swift; path = AssignmentJSONParser.swift; sourceTree = "<group>"; };
		CBED6ECB1DF5EB04000F60BE /* ProjectTableViewCell.swift */ = {isa = PBXFileReference; fileEncoding = 4; lastKnownFileType = sourcecode.swift; path = ProjectTableViewCell.swift; sourceTree = "<group>"; };
		D4BDC5419157CFE15EF18F06 /* Pods-BusyTests.debug.xcconfig */ = {isa = PBXFileReference; includeInIndex = 1; lastKnownFileType = text.xcconfig; name = "Pods-BusyTests.debug.xcconfig"; path = "Pods/Target Support Files/Pods-BusyTests/Pods-BusyTests.debug.xcconfig"; sourceTree = "<group>"; };
		DAEE739718636D2EAB2FE716 /* Pods-BusyTests.release.xcconfig */ = {isa = PBXFileReference; includeInIndex = 1; lastKnownFileType = text.xcconfig; name = "Pods-BusyTests.release.xcconfig"; path = "Pods/Target Support Files/Pods-BusyTests/Pods-BusyTests.release.xcconfig"; sourceTree = "<group>"; };
		F644DFB69EC6F403DFA13755 /* Pods-BusyUITests.debug.xcconfig */ = {isa = PBXFileReference; includeInIndex = 1; lastKnownFileType = text.xcconfig; name = "Pods-BusyUITests.debug.xcconfig"; path = "Pods/Target Support Files/Pods-BusyUITests/Pods-BusyUITests.debug.xcconfig"; sourceTree = "<group>"; };
/* End PBXFileReference section */

/* Begin PBXFrameworksBuildPhase section */
		A430D7AD1DD89015004C6AAF /* Frameworks */ = {
			isa = PBXFrameworksBuildPhase;
			buildActionMask = 2147483647;
			files = (
				A5B1CA64326A98756A8C5145 /* Pods_Busy.framework in Frameworks */,
			);
			runOnlyForDeploymentPostprocessing = 0;
		};
		A430D7C41DD89017004C6AAF /* Frameworks */ = {
			isa = PBXFrameworksBuildPhase;
			buildActionMask = 2147483647;
			files = (
				510935ADCCA11FF670D3AB46 /* Pods_BusyTests.framework in Frameworks */,
			);
			runOnlyForDeploymentPostprocessing = 0;
		};
		A430D7CF1DD89017004C6AAF /* Frameworks */ = {
			isa = PBXFrameworksBuildPhase;
			buildActionMask = 2147483647;
			files = (
				0F818CD2374D5E0905BCE894 /* Pods_BusyUITests.framework in Frameworks */,
			);
			runOnlyForDeploymentPostprocessing = 0;
		};
/* End PBXFrameworksBuildPhase section */

/* Begin PBXGroup section */
		A430D7A71DD89015004C6AAF = {
			isa = PBXGroup;
			children = (
				A40D3E211DEA860C00819D6A /* GoogleService-Info.plist */,
				A430D7B21DD89015004C6AAF /* Busy */,
				A430D7CA1DD89017004C6AAF /* BusyTests */,
				A430D7D51DD89017004C6AAF /* BusyUITests */,
				A430D7B11DD89015004C6AAF /* Products */,
				B61513529019D282053D0DFA /* Pods */,
				BB17A35D6544B677AA8D4C02 /* Frameworks */,
			);
			sourceTree = "<group>";
		};
		A430D7B11DD89015004C6AAF /* Products */ = {
			isa = PBXGroup;
			children = (
				A430D7B01DD89015004C6AAF /* Busy.app */,
				A430D7C71DD89017004C6AAF /* BusyTests.xctest */,
				A430D7D21DD89017004C6AAF /* BusyUITests.xctest */,
			);
			name = Products;
			sourceTree = "<group>";
		};
		A430D7B21DD89015004C6AAF /* Busy */ = {
			isa = PBXGroup;
			children = (
				A430D7B31DD89015004C6AAF /* AppDelegate.swift */,
				A430D7BD1DD89016004C6AAF /* Assets.xcassets */,
				A430D7BF1DD89016004C6AAF /* LaunchScreen.storyboard */,
				A430D7C21DD89017004C6AAF /* Info.plist */,
				A430D7BA1DD89016004C6AAF /* Busy.xcdatamodeld */,
				CB53D1AF1DE76BBE00AEEFAC /* Models */,
				A465E9D11DF73F4800C40CF2 /* Parsers */,
				A4C98A561DEB9324007BA672 /* Sign-in launch */,
				A430D7F81DD96744004C6AAF /* 'Agenda' Tab */,
				A430D7F51DD96703004C6AAF /* 'New' Tab */,
				A430D7F71DD96730004C6AAF /* 'List of Projects' Tab */,
				A430D7F61DD9671F004C6AAF /* Individual Project Detail */,
				A465E9D61DF8189C00C40CF2 /* 'User Profile' tab */,
			);
			path = Busy;
			sourceTree = "<group>";
		};
		A430D7CA1DD89017004C6AAF /* BusyTests */ = {
			isa = PBXGroup;
			children = (
				A430D7CB1DD89017004C6AAF /* BusyTests.swift */,
				A430D7CD1DD89017004C6AAF /* Info.plist */,
			);
			path = BusyTests;
			sourceTree = "<group>";
		};
		A430D7D51DD89017004C6AAF /* BusyUITests */ = {
			isa = PBXGroup;
			children = (
				A430D7D61DD89017004C6AAF /* BusyUITests.swift */,
				A430D7D81DD89017004C6AAF /* Info.plist */,
			);
			path = BusyUITests;
			sourceTree = "<group>";
		};
		A430D7F51DD96703004C6AAF /* 'New' Tab */ = {
			isa = PBXGroup;
			children = (
				A430D7EA1DD95DE5004C6AAF /* NewProjectTypes.storyboard */,
				A430D7F21DD966EB004C6AAF /* NewViewController.swift */,
				A47584011DF5BFB800C36AE4 /* NewTypesViewController.swift */,
			);
			name = "'New' Tab";
			sourceTree = "<group>";
		};
		A430D7F61DD9671F004C6AAF /* Individual Project Detail */ = {
			isa = PBXGroup;
			children = (
				A430D7F01DD964ED004C6AAF /* DetailsViewController.swift */,
				A465E9CF1DF5F40100C40CF2 /* ProjectDetail.storyboard */,
			);
			name = "Individual Project Detail";
			sourceTree = "<group>";
		};
		A430D7F71DD96730004C6AAF /* 'List of Projects' Tab */ = {
			isa = PBXGroup;
			children = (
				A430D7EE1DD964DC004C6AAF /* ProjectsViewController.swift */,
				CBED6ECB1DF5EB04000F60BE /* ProjectTableViewCell.swift */,
				A465E9CD1DF5F3C500C40CF2 /* ProjectList.storyboard */,
			);
			name = "'List of Projects' Tab";
			sourceTree = "<group>";
		};
		A430D7F81DD96744004C6AAF /* 'Agenda' Tab */ = {
			isa = PBXGroup;
			children = (
				A430D7B51DD89015004C6AAF /* ViewController.swift */,
				A430D7B71DD89016004C6AAF /* Main.storyboard */,
				A4F0D3D81DF3B4590056E3E3 /* TableViewCell.swift */,
				A4F0D3D91DF3B4590056E3E3 /* TableViewCell.xib */,
			);
			name = "'Agenda' Tab";
			sourceTree = "<group>";
		};
		A465E9D11DF73F4800C40CF2 /* Parsers */ = {
			isa = PBXGroup;
			children = (
				A465E9D31DF7B67D00C40CF2 /* UserJSONParser.swift */,
				CB5CFB221DF896E100FFE8FA /* ProjectJSONParser.swift */,
				CB5CFB241DF896ED00FFE8FA /* TaskJSONParser.swift */,
				CB5CFB261DF896F700FFE8FA /* AssignmentJSONParser.swift */,
			);
			name = Parsers;
			sourceTree = "<group>";
		};
		A465E9D61DF8189C00C40CF2 /* 'User Profile' tab */ = {
			isa = PBXGroup;
			children = (
			);
			name = "'User Profile' tab";
			sourceTree = "<group>";
		};
		A4C98A561DEB9324007BA672 /* Sign-in launch */ = {
			isa = PBXGroup;
			children = (
				A4C98A571DEB9345007BA672 /* SignIn.storyboard */,
				A4C98A591DEB9362007BA672 /* SignInViewController.swift */,
			);
			name = "Sign-in launch";
			sourceTree = "<group>";
		};
		B61513529019D282053D0DFA /* Pods */ = {
			isa = PBXGroup;
			children = (
				9EBDDC3B1BDB17A8E5DF762C /* Pods-Busy.debug.xcconfig */,
				ADC30415670737454444E253 /* Pods-Busy.release.xcconfig */,
				D4BDC5419157CFE15EF18F06 /* Pods-BusyTests.debug.xcconfig */,
				DAEE739718636D2EAB2FE716 /* Pods-BusyTests.release.xcconfig */,
				F644DFB69EC6F403DFA13755 /* Pods-BusyUITests.debug.xcconfig */,
				C044EE2B2CB42A8FE4CE4CD4 /* Pods-BusyUITests.release.xcconfig */,
			);
			name = Pods;
			sourceTree = "<group>";
		};
		BB17A35D6544B677AA8D4C02 /* Frameworks */ = {
			isa = PBXGroup;
			children = (
				3BD4A25D0EA8A660326258AC /* Pods_Busy.framework */,
				6CF1A4BCE4A3577FB9FCEB7F /* Pods_BusyTests.framework */,
				867C7D6CD0AD7EBA13D4EE9E /* Pods_BusyUITests.framework */,
			);
			name = Frameworks;
			sourceTree = "<group>";
		};
		CB53D1AF1DE76BBE00AEEFAC /* Models */ = {
			isa = PBXGroup;
			children = (
				CB53D1B61DE76D8900AEEFAC /* User.swift */,
				CB53D1B01DE76C2E00AEEFAC /* Project.swift */,
				CB53D1B81DE76DA500AEEFAC /* Task.swift */,
				CB53D1B21DE76CE000AEEFAC /* Assignment.swift */,
			);
			name = Models;
			sourceTree = "<group>";
		};
/* End PBXGroup section */

/* Begin PBXNativeTarget section */
		A430D7AF1DD89015004C6AAF /* Busy */ = {
			isa = PBXNativeTarget;
			buildConfigurationList = A430D7DB1DD89017004C6AAF /* Build configuration list for PBXNativeTarget "Busy" */;
			buildPhases = (
				8CA45681EEAC43A655716A54 /* [CP] Check Pods Manifest.lock */,
				A430D7AC1DD89015004C6AAF /* Sources */,
				A430D7AD1DD89015004C6AAF /* Frameworks */,
				A430D7AE1DD89015004C6AAF /* Resources */,
				75EF6B669A55C4DAD233874E /* [CP] Embed Pods Frameworks */,
				1E3CC28E9FD0535C713E508A /* [CP] Copy Pods Resources */,
			);
			buildRules = (
			);
			dependencies = (
			);
			name = Busy;
			productName = Busy;
			productReference = A430D7B01DD89015004C6AAF /* Busy.app */;
			productType = "com.apple.product-type.application";
		};
		A430D7C61DD89017004C6AAF /* BusyTests */ = {
			isa = PBXNativeTarget;
			buildConfigurationList = A430D7DE1DD89017004C6AAF /* Build configuration list for PBXNativeTarget "BusyTests" */;
			buildPhases = (
				892B18CED517A3E3047DBF69 /* [CP] Check Pods Manifest.lock */,
				A430D7C31DD89017004C6AAF /* Sources */,
				A430D7C41DD89017004C6AAF /* Frameworks */,
				A430D7C51DD89017004C6AAF /* Resources */,
				FA8611554349F80D65AB1382 /* [CP] Embed Pods Frameworks */,
				93385C8A4DDD70C0A6D8F7E2 /* [CP] Copy Pods Resources */,
			);
			buildRules = (
			);
			dependencies = (
				A430D7C91DD89017004C6AAF /* PBXTargetDependency */,
			);
			name = BusyTests;
			productName = BusyTests;
			productReference = A430D7C71DD89017004C6AAF /* BusyTests.xctest */;
			productType = "com.apple.product-type.bundle.unit-test";
		};
		A430D7D11DD89017004C6AAF /* BusyUITests */ = {
			isa = PBXNativeTarget;
			buildConfigurationList = A430D7E11DD89017004C6AAF /* Build configuration list for PBXNativeTarget "BusyUITests" */;
			buildPhases = (
				C7850C484AC5C7B2E5450920 /* [CP] Check Pods Manifest.lock */,
				A430D7CE1DD89017004C6AAF /* Sources */,
				A430D7CF1DD89017004C6AAF /* Frameworks */,
				A430D7D01DD89017004C6AAF /* Resources */,
				445A7A15937CD8B45E119CD3 /* [CP] Embed Pods Frameworks */,
				96E588FA775FBB95F25CBEA9 /* [CP] Copy Pods Resources */,
			);
			buildRules = (
			);
			dependencies = (
				A430D7D41DD89017004C6AAF /* PBXTargetDependency */,
			);
			name = BusyUITests;
			productName = BusyUITests;
			productReference = A430D7D21DD89017004C6AAF /* BusyUITests.xctest */;
			productType = "com.apple.product-type.bundle.ui-testing";
		};
/* End PBXNativeTarget section */

/* Begin PBXProject section */
		A430D7A81DD89015004C6AAF /* Project object */ = {
			isa = PBXProject;
			attributes = {
				LastSwiftUpdateCheck = 0810;
				LastUpgradeCheck = 0810;
				ORGANIZATIONNAME = "Svayam Mishra";
				TargetAttributes = {
					A430D7AF1DD89015004C6AAF = {
						CreatedOnToolsVersion = 8.1;
						LastSwiftMigration = 0810;
						ProvisioningStyle = Automatic;
					};
					A430D7C61DD89017004C6AAF = {
						CreatedOnToolsVersion = 8.1;
						ProvisioningStyle = Automatic;
						TestTargetID = A430D7AF1DD89015004C6AAF;
					};
					A430D7D11DD89017004C6AAF = {
						CreatedOnToolsVersion = 8.1;
						ProvisioningStyle = Automatic;
						TestTargetID = A430D7AF1DD89015004C6AAF;
					};
				};
			};
			buildConfigurationList = A430D7AB1DD89015004C6AAF /* Build configuration list for PBXProject "Busy" */;
			compatibilityVersion = "Xcode 3.2";
			developmentRegion = English;
			hasScannedForEncodings = 0;
			knownRegions = (
				en,
				Base,
			);
			mainGroup = A430D7A71DD89015004C6AAF;
			productRefGroup = A430D7B11DD89015004C6AAF /* Products */;
			projectDirPath = "";
			projectRoot = "";
			targets = (
				A430D7AF1DD89015004C6AAF /* Busy */,
				A430D7C61DD89017004C6AAF /* BusyTests */,
				A430D7D11DD89017004C6AAF /* BusyUITests */,
			);
		};
/* End PBXProject section */

/* Begin PBXResourcesBuildPhase section */
		A430D7AE1DD89015004C6AAF /* Resources */ = {
			isa = PBXResourcesBuildPhase;
			buildActionMask = 2147483647;
			files = (
				A4C98A581DEB9345007BA672 /* SignIn.storyboard in Resources */,
				A430D7EB1DD95DE5004C6AAF /* NewProjectTypes.storyboard in Resources */,
				A430D7C11DD89016004C6AAF /* LaunchScreen.storyboard in Resources */,
				A4F0D3DB1DF3B4590056E3E3 /* TableViewCell.xib in Resources */,
				A430D7BE1DD89016004C6AAF /* Assets.xcassets in Resources */,
				A430D7B91DD89016004C6AAF /* Main.storyboard in Resources */,
				A465E9CE1DF5F3C500C40CF2 /* ProjectList.storyboard in Resources */,
				A40D3E221DEA860C00819D6A /* GoogleService-Info.plist in Resources */,
				A465E9D01DF5F40100C40CF2 /* ProjectDetail.storyboard in Resources */,
			);
			runOnlyForDeploymentPostprocessing = 0;
		};
		A430D7C51DD89017004C6AAF /* Resources */ = {
			isa = PBXResourcesBuildPhase;
			buildActionMask = 2147483647;
			files = (
				A40D3E231DEA862800819D6A /* GoogleService-Info.plist in Resources */,
			);
			runOnlyForDeploymentPostprocessing = 0;
		};
		A430D7D01DD89017004C6AAF /* Resources */ = {
			isa = PBXResourcesBuildPhase;
			buildActionMask = 2147483647;
			files = (
				A40D3E241DEA862900819D6A /* GoogleService-Info.plist in Resources */,
			);
			runOnlyForDeploymentPostprocessing = 0;
		};
/* End PBXResourcesBuildPhase section */

/* Begin PBXShellScriptBuildPhase section */
		1E3CC28E9FD0535C713E508A /* [CP] Copy Pods Resources */ = {
			isa = PBXShellScriptBuildPhase;
			buildActionMask = 2147483647;
			files = (
			);
			inputPaths = (
			);
			name = "[CP] Copy Pods Resources";
			outputPaths = (
			);
			runOnlyForDeploymentPostprocessing = 0;
			shellPath = /bin/sh;
			shellScript = "\"${SRCROOT}/Pods/Target Support Files/Pods-Busy/Pods-Busy-resources.sh\"\n";
			showEnvVarsInLog = 0;
		};
		445A7A15937CD8B45E119CD3 /* [CP] Embed Pods Frameworks */ = {
			isa = PBXShellScriptBuildPhase;
			buildActionMask = 2147483647;
			files = (
			);
			inputPaths = (
			);
			name = "[CP] Embed Pods Frameworks";
			outputPaths = (
			);
			runOnlyForDeploymentPostprocessing = 0;
			shellPath = /bin/sh;
			shellScript = "\"${SRCROOT}/Pods/Target Support Files/Pods-BusyUITests/Pods-BusyUITests-frameworks.sh\"\n";
			showEnvVarsInLog = 0;
		};
		75EF6B669A55C4DAD233874E /* [CP] Embed Pods Frameworks */ = {
			isa = PBXShellScriptBuildPhase;
			buildActionMask = 2147483647;
			files = (
			);
			inputPaths = (
			);
			name = "[CP] Embed Pods Frameworks";
			outputPaths = (
			);
			runOnlyForDeploymentPostprocessing = 0;
			shellPath = /bin/sh;
			shellScript = "\"${SRCROOT}/Pods/Target Support Files/Pods-Busy/Pods-Busy-frameworks.sh\"\n";
			showEnvVarsInLog = 0;
		};
		892B18CED517A3E3047DBF69 /* [CP] Check Pods Manifest.lock */ = {
			isa = PBXShellScriptBuildPhase;
			buildActionMask = 2147483647;
			files = (
			);
			inputPaths = (
			);
			name = "[CP] Check Pods Manifest.lock";
			outputPaths = (
			);
			runOnlyForDeploymentPostprocessing = 0;
			shellPath = /bin/sh;
			shellScript = "diff \"${PODS_ROOT}/../Podfile.lock\" \"${PODS_ROOT}/Manifest.lock\" > /dev/null\nif [ $? != 0 ] ; then\n    # print error to STDERR\n    echo \"error: The sandbox is not in sync with the Podfile.lock. Run 'pod install' or update your CocoaPods installation.\" >&2\n    exit 1\nfi\n";
			showEnvVarsInLog = 0;
		};
		8CA45681EEAC43A655716A54 /* [CP] Check Pods Manifest.lock */ = {
			isa = PBXShellScriptBuildPhase;
			buildActionMask = 2147483647;
			files = (
			);
			inputPaths = (
			);
			name = "[CP] Check Pods Manifest.lock";
			outputPaths = (
			);
			runOnlyForDeploymentPostprocessing = 0;
			shellPath = /bin/sh;
			shellScript = "diff \"${PODS_ROOT}/../Podfile.lock\" \"${PODS_ROOT}/Manifest.lock\" > /dev/null\nif [ $? != 0 ] ; then\n    # print error to STDERR\n    echo \"error: The sandbox is not in sync with the Podfile.lock. Run 'pod install' or update your CocoaPods installation.\" >&2\n    exit 1\nfi\n";
			showEnvVarsInLog = 0;
		};
		93385C8A4DDD70C0A6D8F7E2 /* [CP] Copy Pods Resources */ = {
			isa = PBXShellScriptBuildPhase;
			buildActionMask = 2147483647;
			files = (
			);
			inputPaths = (
			);
			name = "[CP] Copy Pods Resources";
			outputPaths = (
			);
			runOnlyForDeploymentPostprocessing = 0;
			shellPath = /bin/sh;
			shellScript = "\"${SRCROOT}/Pods/Target Support Files/Pods-BusyTests/Pods-BusyTests-resources.sh\"\n";
			showEnvVarsInLog = 0;
		};
		96E588FA775FBB95F25CBEA9 /* [CP] Copy Pods Resources */ = {
			isa = PBXShellScriptBuildPhase;
			buildActionMask = 2147483647;
			files = (
			);
			inputPaths = (
			);
			name = "[CP] Copy Pods Resources";
			outputPaths = (
			);
			runOnlyForDeploymentPostprocessing = 0;
			shellPath = /bin/sh;
			shellScript = "\"${SRCROOT}/Pods/Target Support Files/Pods-BusyUITests/Pods-BusyUITests-resources.sh\"\n";
			showEnvVarsInLog = 0;
		};
		C7850C484AC5C7B2E5450920 /* [CP] Check Pods Manifest.lock */ = {
			isa = PBXShellScriptBuildPhase;
			buildActionMask = 2147483647;
			files = (
			);
			inputPaths = (
			);
			name = "[CP] Check Pods Manifest.lock";
			outputPaths = (
			);
			runOnlyForDeploymentPostprocessing = 0;
			shellPath = /bin/sh;
			shellScript = "diff \"${PODS_ROOT}/../Podfile.lock\" \"${PODS_ROOT}/Manifest.lock\" > /dev/null\nif [ $? != 0 ] ; then\n    # print error to STDERR\n    echo \"error: The sandbox is not in sync with the Podfile.lock. Run 'pod install' or update your CocoaPods installation.\" >&2\n    exit 1\nfi\n";
			showEnvVarsInLog = 0;
		};
		FA8611554349F80D65AB1382 /* [CP] Embed Pods Frameworks */ = {
			isa = PBXShellScriptBuildPhase;
			buildActionMask = 2147483647;
			files = (
			);
			inputPaths = (
			);
			name = "[CP] Embed Pods Frameworks";
			outputPaths = (
			);
			runOnlyForDeploymentPostprocessing = 0;
			shellPath = /bin/sh;
			shellScript = "\"${SRCROOT}/Pods/Target Support Files/Pods-BusyTests/Pods-BusyTests-frameworks.sh\"\n";
			showEnvVarsInLog = 0;
		};
/* End PBXShellScriptBuildPhase section */

/* Begin PBXSourcesBuildPhase section */
		A430D7AC1DD89015004C6AAF /* Sources */ = {
			isa = PBXSourcesBuildPhase;
			buildActionMask = 2147483647;
			files = (
				CB5CFB231DF896E100FFE8FA /* ProjectJSONParser.swift in Sources */,
				CB5CFB271DF896F700FFE8FA /* AssignmentJSONParser.swift in Sources */,
				A4F0D3DA1DF3B4590056E3E3 /* TableViewCell.swift in Sources */,
				A4C98A5A1DEB9362007BA672 /* SignInViewController.swift in Sources */,
				CB5CFB251DF896ED00FFE8FA /* TaskJSONParser.swift in Sources */,
				A430D7EF1DD964DC004C6AAF /* ProjectsViewController.swift in Sources */,
				CBED6ECC1DF5EB04000F60BE /* ProjectTableViewCell.swift in Sources */,
				A465E9D41DF7B67D00C40CF2 /* UserJSONParser.swift in Sources */,
				A430D7B61DD89015004C6AAF /* ViewController.swift in Sources */,
				CB53D1B91DE76DA500AEEFAC /* Task.swift in Sources */,
				A430D7B41DD89015004C6AAF /* AppDelegate.swift in Sources */,
				A430D7F31DD966EB004C6AAF /* NewViewController.swift in Sources */,
				A47584021DF5BFB800C36AE4 /* NewTypesViewController.swift in Sources */,
				CB53D1B31DE76CE000AEEFAC /* Assignment.swift in Sources */,
				CB53D1B71DE76D8900AEEFAC /* User.swift in Sources */,
				A430D7BC1DD89016004C6AAF /* Busy.xcdatamodeld in Sources */,
				CB53D1B11DE76C2E00AEEFAC /* Project.swift in Sources */,
				A430D7F11DD964ED004C6AAF /* DetailsViewController.swift in Sources */,
			);
			runOnlyForDeploymentPostprocessing = 0;
		};
		A430D7C31DD89017004C6AAF /* Sources */ = {
			isa = PBXSourcesBuildPhase;
			buildActionMask = 2147483647;
			files = (
				A430D7CC1DD89017004C6AAF /* BusyTests.swift in Sources */,
			);
			runOnlyForDeploymentPostprocessing = 0;
		};
		A430D7CE1DD89017004C6AAF /* Sources */ = {
			isa = PBXSourcesBuildPhase;
			buildActionMask = 2147483647;
			files = (
				A430D7D71DD89017004C6AAF /* BusyUITests.swift in Sources */,
			);
			runOnlyForDeploymentPostprocessing = 0;
		};
/* End PBXSourcesBuildPhase section */

/* Begin PBXTargetDependency section */
		A430D7C91DD89017004C6AAF /* PBXTargetDependency */ = {
			isa = PBXTargetDependency;
			target = A430D7AF1DD89015004C6AAF /* Busy */;
			targetProxy = A430D7C81DD89017004C6AAF /* PBXContainerItemProxy */;
		};
		A430D7D41DD89017004C6AAF /* PBXTargetDependency */ = {
			isa = PBXTargetDependency;
			target = A430D7AF1DD89015004C6AAF /* Busy */;
			targetProxy = A430D7D31DD89017004C6AAF /* PBXContainerItemProxy */;
		};
/* End PBXTargetDependency section */

/* Begin PBXVariantGroup section */
		A430D7B71DD89016004C6AAF /* Main.storyboard */ = {
			isa = PBXVariantGroup;
			children = (
				A430D7B81DD89016004C6AAF /* Base */,
			);
			name = Main.storyboard;
			sourceTree = "<group>";
		};
		A430D7BF1DD89016004C6AAF /* LaunchScreen.storyboard */ = {
			isa = PBXVariantGroup;
			children = (
				A430D7C01DD89016004C6AAF /* Base */,
			);
			name = LaunchScreen.storyboard;
			sourceTree = "<group>";
		};
/* End PBXVariantGroup section */

/* Begin XCBuildConfiguration section */
		A430D7D91DD89017004C6AAF /* Debug */ = {
			isa = XCBuildConfiguration;
			buildSettings = {
				ALWAYS_SEARCH_USER_PATHS = NO;
				CLANG_ANALYZER_NONNULL = YES;
				CLANG_CXX_LANGUAGE_STANDARD = "gnu++0x";
				CLANG_CXX_LIBRARY = "libc++";
				CLANG_ENABLE_MODULES = YES;
				CLANG_ENABLE_OBJC_ARC = YES;
				CLANG_WARN_BOOL_CONVERSION = YES;
				CLANG_WARN_CONSTANT_CONVERSION = YES;
				CLANG_WARN_DIRECT_OBJC_ISA_USAGE = YES_ERROR;
				CLANG_WARN_DOCUMENTATION_COMMENTS = YES;
				CLANG_WARN_EMPTY_BODY = YES;
				CLANG_WARN_ENUM_CONVERSION = YES;
				CLANG_WARN_INFINITE_RECURSION = YES;
				CLANG_WARN_INT_CONVERSION = YES;
				CLANG_WARN_OBJC_ROOT_CLASS = YES_ERROR;
				CLANG_WARN_SUSPICIOUS_MOVES = YES;
				CLANG_WARN_UNREACHABLE_CODE = YES;
				CLANG_WARN__DUPLICATE_METHOD_MATCH = YES;
				"CODE_SIGN_IDENTITY[sdk=iphoneos*]" = "iPhone Developer";
				COPY_PHASE_STRIP = NO;
				DEBUG_INFORMATION_FORMAT = dwarf;
				ENABLE_STRICT_OBJC_MSGSEND = YES;
				ENABLE_TESTABILITY = YES;
				GCC_C_LANGUAGE_STANDARD = gnu99;
				GCC_DYNAMIC_NO_PIC = NO;
				GCC_NO_COMMON_BLOCKS = YES;
				GCC_OPTIMIZATION_LEVEL = 0;
				GCC_PREPROCESSOR_DEFINITIONS = (
					"DEBUG=1",
					"$(inherited)",
				);
				GCC_WARN_64_TO_32_BIT_CONVERSION = YES;
				GCC_WARN_ABOUT_RETURN_TYPE = YES_ERROR;
				GCC_WARN_UNDECLARED_SELECTOR = YES;
				GCC_WARN_UNINITIALIZED_AUTOS = YES_AGGRESSIVE;
				GCC_WARN_UNUSED_FUNCTION = YES;
				GCC_WARN_UNUSED_VARIABLE = YES;
				IPHONEOS_DEPLOYMENT_TARGET = 10.1;
				MTL_ENABLE_DEBUG_INFO = YES;
				ONLY_ACTIVE_ARCH = YES;
				SDKROOT = iphoneos;
				SWIFT_ACTIVE_COMPILATION_CONDITIONS = DEBUG;
				SWIFT_OPTIMIZATION_LEVEL = "-Onone";
			};
			name = Debug;
		};
		A430D7DA1DD89017004C6AAF /* Release */ = {
			isa = XCBuildConfiguration;
			buildSettings = {
				ALWAYS_SEARCH_USER_PATHS = NO;
				CLANG_ANALYZER_NONNULL = YES;
				CLANG_CXX_LANGUAGE_STANDARD = "gnu++0x";
				CLANG_CXX_LIBRARY = "libc++";
				CLANG_ENABLE_MODULES = YES;
				CLANG_ENABLE_OBJC_ARC = YES;
				CLANG_WARN_BOOL_CONVERSION = YES;
				CLANG_WARN_CONSTANT_CONVERSION = YES;
				CLANG_WARN_DIRECT_OBJC_ISA_USAGE = YES_ERROR;
				CLANG_WARN_DOCUMENTATION_COMMENTS = YES;
				CLANG_WARN_EMPTY_BODY = YES;
				CLANG_WARN_ENUM_CONVERSION = YES;
				CLANG_WARN_INFINITE_RECURSION = YES;
				CLANG_WARN_INT_CONVERSION = YES;
				CLANG_WARN_OBJC_ROOT_CLASS = YES_ERROR;
				CLANG_WARN_SUSPICIOUS_MOVES = YES;
				CLANG_WARN_UNREACHABLE_CODE = YES;
				CLANG_WARN__DUPLICATE_METHOD_MATCH = YES;
				"CODE_SIGN_IDENTITY[sdk=iphoneos*]" = "iPhone Developer";
				COPY_PHASE_STRIP = NO;
				DEBUG_INFORMATION_FORMAT = "dwarf-with-dsym";
				ENABLE_NS_ASSERTIONS = NO;
				ENABLE_STRICT_OBJC_MSGSEND = YES;
				GCC_C_LANGUAGE_STANDARD = gnu99;
				GCC_NO_COMMON_BLOCKS = YES;
				GCC_WARN_64_TO_32_BIT_CONVERSION = YES;
				GCC_WARN_ABOUT_RETURN_TYPE = YES_ERROR;
				GCC_WARN_UNDECLARED_SELECTOR = YES;
				GCC_WARN_UNINITIALIZED_AUTOS = YES_AGGRESSIVE;
				GCC_WARN_UNUSED_FUNCTION = YES;
				GCC_WARN_UNUSED_VARIABLE = YES;
				IPHONEOS_DEPLOYMENT_TARGET = 10.1;
				MTL_ENABLE_DEBUG_INFO = NO;
				SDKROOT = iphoneos;
				SWIFT_OPTIMIZATION_LEVEL = "-Owholemodule";
				VALIDATE_PRODUCT = YES;
			};
			name = Release;
		};
		A430D7DC1DD89017004C6AAF /* Debug */ = {
			isa = XCBuildConfiguration;
			baseConfigurationReference = 9EBDDC3B1BDB17A8E5DF762C /* Pods-Busy.debug.xcconfig */;
			buildSettings = {
				ASSETCATALOG_COMPILER_APPICON_NAME = AppIcon;
				CLANG_ENABLE_MODULES = YES;
				INFOPLIST_FILE = Busy/Info.plist;
				IPHONEOS_DEPLOYMENT_TARGET = 10.0;
				LD_RUNPATH_SEARCH_PATHS = "$(inherited) @executable_path/Frameworks";
				PRODUCT_BUNDLE_IDENTIFIER = cmuis.Busy;
				PRODUCT_NAME = "$(TARGET_NAME)";
				SWIFT_OBJC_BRIDGING_HEADER = "Busy-Bridging-Header.h";
				SWIFT_OPTIMIZATION_LEVEL = "-Onone";
				SWIFT_VERSION = 3.0;
			};
			name = Debug;
		};
		A430D7DD1DD89017004C6AAF /* Release */ = {
			isa = XCBuildConfiguration;
			baseConfigurationReference = ADC30415670737454444E253 /* Pods-Busy.release.xcconfig */;
			buildSettings = {
				ASSETCATALOG_COMPILER_APPICON_NAME = AppIcon;
				CLANG_ENABLE_MODULES = YES;
				INFOPLIST_FILE = Busy/Info.plist;
				IPHONEOS_DEPLOYMENT_TARGET = 10.0;
				LD_RUNPATH_SEARCH_PATHS = "$(inherited) @executable_path/Frameworks";
				PRODUCT_BUNDLE_IDENTIFIER = cmuis.Busy;
				PRODUCT_NAME = "$(TARGET_NAME)";
				SWIFT_OBJC_BRIDGING_HEADER = "Busy-Bridging-Header.h";
				SWIFT_VERSION = 3.0;
			};
			name = Release;
		};
		A430D7DF1DD89017004C6AAF /* Debug */ = {
			isa = XCBuildConfiguration;
			baseConfigurationReference = D4BDC5419157CFE15EF18F06 /* Pods-BusyTests.debug.xcconfig */;
			buildSettings = {
				ALWAYS_EMBED_SWIFT_STANDARD_LIBRARIES = YES;
				BUNDLE_LOADER = "$(TEST_HOST)";
				INFOPLIST_FILE = BusyTests/Info.plist;
				LD_RUNPATH_SEARCH_PATHS = "$(inherited) @executable_path/Frameworks @loader_path/Frameworks";
				PRODUCT_BUNDLE_IDENTIFIER = cmuis.BusyTests;
				PRODUCT_NAME = "$(TARGET_NAME)";
				SWIFT_VERSION = 3.0;
				TEST_HOST = "$(BUILT_PRODUCTS_DIR)/Busy.app/Busy";
			};
			name = Debug;
		};
		A430D7E01DD89017004C6AAF /* Release */ = {
			isa = XCBuildConfiguration;
			baseConfigurationReference = DAEE739718636D2EAB2FE716 /* Pods-BusyTests.release.xcconfig */;
			buildSettings = {
				ALWAYS_EMBED_SWIFT_STANDARD_LIBRARIES = YES;
				BUNDLE_LOADER = "$(TEST_HOST)";
				INFOPLIST_FILE = BusyTests/Info.plist;
				LD_RUNPATH_SEARCH_PATHS = "$(inherited) @executable_path/Frameworks @loader_path/Frameworks";
				PRODUCT_BUNDLE_IDENTIFIER = cmuis.BusyTests;
				PRODUCT_NAME = "$(TARGET_NAME)";
				SWIFT_VERSION = 3.0;
				TEST_HOST = "$(BUILT_PRODUCTS_DIR)/Busy.app/Busy";
			};
			name = Release;
		};
		A430D7E21DD89017004C6AAF /* Debug */ = {
			isa = XCBuildConfiguration;
			baseConfigurationReference = F644DFB69EC6F403DFA13755 /* Pods-BusyUITests.debug.xcconfig */;
			buildSettings = {
				ALWAYS_EMBED_SWIFT_STANDARD_LIBRARIES = YES;
				INFOPLIST_FILE = BusyUITests/Info.plist;
				LD_RUNPATH_SEARCH_PATHS = "$(inherited) @executable_path/Frameworks @loader_path/Frameworks";
				PRODUCT_BUNDLE_IDENTIFIER = cmuis.BusyUITests;
				PRODUCT_NAME = "$(TARGET_NAME)";
				SWIFT_VERSION = 3.0;
				TEST_TARGET_NAME = Busy;
			};
			name = Debug;
		};
		A430D7E31DD89017004C6AAF /* Release */ = {
			isa = XCBuildConfiguration;
			baseConfigurationReference = C044EE2B2CB42A8FE4CE4CD4 /* Pods-BusyUITests.release.xcconfig */;
			buildSettings = {
				ALWAYS_EMBED_SWIFT_STANDARD_LIBRARIES = YES;
				INFOPLIST_FILE = BusyUITests/Info.plist;
				LD_RUNPATH_SEARCH_PATHS = "$(inherited) @executable_path/Frameworks @loader_path/Frameworks";
				PRODUCT_BUNDLE_IDENTIFIER = cmuis.BusyUITests;
				PRODUCT_NAME = "$(TARGET_NAME)";
				SWIFT_VERSION = 3.0;
				TEST_TARGET_NAME = Busy;
			};
			name = Release;
		};
/* End XCBuildConfiguration section */

/* Begin XCConfigurationList section */
		A430D7AB1DD89015004C6AAF /* Build configuration list for PBXProject "Busy" */ = {
			isa = XCConfigurationList;
			buildConfigurations = (
				A430D7D91DD89017004C6AAF /* Debug */,
				A430D7DA1DD89017004C6AAF /* Release */,
			);
			defaultConfigurationIsVisible = 0;
			defaultConfigurationName = Release;
		};
		A430D7DB1DD89017004C6AAF /* Build configuration list for PBXNativeTarget "Busy" */ = {
			isa = XCConfigurationList;
			buildConfigurations = (
				A430D7DC1DD89017004C6AAF /* Debug */,
				A430D7DD1DD89017004C6AAF /* Release */,
			);
			defaultConfigurationIsVisible = 0;
			defaultConfigurationName = Release;
		};
		A430D7DE1DD89017004C6AAF /* Build configuration list for PBXNativeTarget "BusyTests" */ = {
			isa = XCConfigurationList;
			buildConfigurations = (
				A430D7DF1DD89017004C6AAF /* Debug */,
				A430D7E01DD89017004C6AAF /* Release */,
			);
			defaultConfigurationIsVisible = 0;
			defaultConfigurationName = Release;
		};
		A430D7E11DD89017004C6AAF /* Build configuration list for PBXNativeTarget "BusyUITests" */ = {
			isa = XCConfigurationList;
			buildConfigurations = (
				A430D7E21DD89017004C6AAF /* Debug */,
				A430D7E31DD89017004C6AAF /* Release */,
			);
			defaultConfigurationIsVisible = 0;
			defaultConfigurationName = Release;
		};
/* End XCConfigurationList section */

/* Begin XCVersionGroup section */
		A430D7BA1DD89016004C6AAF /* Busy.xcdatamodeld */ = {
			isa = XCVersionGroup;
			children = (
				A430D7BB1DD89016004C6AAF /* Busy.xcdatamodel */,
			);
			currentVersion = A430D7BB1DD89016004C6AAF /* Busy.xcdatamodel */;
			path = Busy.xcdatamodeld;
			sourceTree = "<group>";
			versionGroupType = wrapper.xcdatamodel;
		};
/* End XCVersionGroup section */
	};
	rootObject = A430D7A81DD89015004C6AAF /* Project object */;
}
